{
  "name": "build-icons",
  "version": "1.0.0",
  "lockfileVersion": 1,
  "requires": true,
  "dependencies": {
    "@types/node": {
      "version": "8.0.57",
      "resolved": "https://registry.npmjs.org/@types/node/-/node-8.0.57.tgz",
      "integrity": "sha512-ZxrhcBxlZA7tn0HFf7ebUYfR9aHyBgjyavBLzyrYMYuAMbONBPY4S5O35562iV2FfwnZCjQky3gTDy1B3jSZ2Q==",
      "dev": true
    },
    "@types/react": {
      "version": "16.0.28",
      "resolved": "https://registry.npmjs.org/@types/react/-/react-16.0.28.tgz",
      "integrity": "sha512-9YQ0JjVVoEfMCfapSpsSZY8RjgUygSac7Lb8S27OVPxAMSTdUZp3likCFmVhSHbSQfoLp83EiJD2y+voAf2HvQ==",
      "dev": true
    },
    "@types/react-dom": {
      "version": "16.0.3",
      "resolved": "https://registry.npmjs.org/@types/react-dom/-/react-dom-16.0.3.tgz",
      "integrity": "sha512-xAvZiGhQlEhjStoKktoai8CelXVFBaSN6JX4vy1UQioRba3c2vum1TGzR0thHoEauZtIwzWg8mos0AHu2ne4jw==",
      "dev": true,
      "requires": {
        "@types/node": "8.0.57",
        "@types/react": "16.0.28"
      }
    },
    "muix-icons-n": {
      "version": "0.1.13",
      "resolved": "https://registry.npmjs.org/muix-icons-n/-/muix-icons-n-0.1.13.tgz",
      "integrity": "sha512-UXg5kQFnoQREm9bP4AewA9cMfP0sSSwLsR+h3Ytb3/MAVNDmrtgv0okr4IISwkslzlNO12Sr0pmQxwOIaEDaPA==",
      "dev": true
    }
  }
}
